// !$*UTF8*$!
{
	archiveVersion = 1;
	classes = {
	};
	objectVersion = 46;
	objects = {

/* Begin PBXBuildFile section */
		A962043A1A057B6400DC6AEC /* Sound.swift in Sources */ = {isa = PBXBuildFile; fileRef = A96204391A057B6400DC6AEC /* Sound.swift */; };
		A9F34F811A03F61400F67FB9 /* AppDelegate.swift in Sources */ = {isa = PBXBuildFile; fileRef = A9F34F801A03F61400F67FB9 /* AppDelegate.swift */; };
		A9F34F841A03F61400F67FB9 /* Soundie.xcdatamodeld in Sources */ = {isa = PBXBuildFile; fileRef = A9F34F821A03F61400F67FB9 /* Soundie.xcdatamodeld */; };
		A9F34F861A03F61400F67FB9 /* SoundListViewController.swift in Sources */ = {isa = PBXBuildFile; fileRef = A9F34F851A03F61400F67FB9 /* SoundListViewController.swift */; };
		A9F34F891A03F61400F67FB9 /* Main.storyboard in Resources */ = {isa = PBXBuildFile; fileRef = A9F34F871A03F61400F67FB9 /* Main.storyboard */; };
		A9F34F8B1A03F61400F67FB9 /* Images.xcassets in Resources */ = {isa = PBXBuildFile; fileRef = A9F34F8A1A03F61400F67FB9 /* Images.xcassets */; };
		A9F34F8E1A03F61400F67FB9 /* LaunchScreen.xib in Resources */ = {isa = PBXBuildFile; fileRef = A9F34F8C1A03F61400F67FB9 /* LaunchScreen.xib */; };
		A9F34F9A1A03F61400F67FB9 /* SoundieTests.swift in Sources */ = {isa = PBXBuildFile; fileRef = A9F34F991A03F61400F67FB9 /* SoundieTests.swift */; };
		A9F34FA41A0407D600F67FB9 /* loeffler.m4a in Resources */ = {isa = PBXBuildFile; fileRef = A9F34FA31A0407D600F67FB9 /* loeffler.m4a */; };
		A9F34FA81A0423C800F67FB9 /* NewSoundViewController.swift in Sources */ = {isa = PBXBuildFile; fileRef = A9F34FA71A0423C800F67FB9 /* NewSoundViewController.swift */; };
/* End PBXBuildFile section */

/* Begin PBXContainerItemProxy section */
		A9F34F941A03F61400F67FB9 /* PBXContainerItemProxy */ = {
			isa = PBXContainerItemProxy;
			containerPortal = A9F34F731A03F61400F67FB9 /* Project object */;
			proxyType = 1;
			remoteGlobalIDString = A9F34F7A1A03F61400F67FB9;
			remoteInfo = Soundie;
		};
/* End PBXContainerItemProxy section */

/* Begin PBXFileReference section */
		A96204391A057B6400DC6AEC /* Sound.swift */ = {isa = PBXFileReference; fileEncoding = 4; lastKnownFileType = sourcecode.swift; name = Sound.swift; path = ../Sound.swift; sourceTree = "<group>"; };
		A9F34F7B1A03F61400F67FB9 /* Soundie.app */ = {isa = PBXFileReference; explicitFileType = wrapper.application; includeInIndex = 0; path = Soundie.app; sourceTree = BUILT_PRODUCTS_DIR; };
		A9F34F7F1A03F61400F67FB9 /* Info.plist */ = {isa = PBXFileReference; lastKnownFileType = text.plist.xml; path = Info.plist; sourceTree = "<group>"; };
		A9F34F801A03F61400F67FB9 /* AppDelegate.swift */ = {isa = PBXFileReference; lastKnownFileType = sourcecode.swift; path = AppDelegate.swift; sourceTree = "<group>"; };
		A9F34F831A03F61400F67FB9 /* Soundie.xcdatamodel */ = {isa = PBXFileReference; lastKnownFileType = wrapper.xcdatamodel; path = Soundie.xcdatamodel; sourceTree = "<group>"; };
		A9F34F851A03F61400F67FB9 /* SoundListViewController.swift */ = {isa = PBXFileReference; lastKnownFileType = sourcecode.swift; path = SoundListViewController.swift; sourceTree = "<group>"; };
		A9F34F881A03F61400F67FB9 /* Base */ = {isa = PBXFileReference; lastKnownFileType = file.storyboard; name = Base; path = Base.lproj/Main.storyboard; sourceTree = "<group>"; };
		A9F34F8A1A03F61400F67FB9 /* Images.xcassets */ = {isa = PBXFileReference; lastKnownFileType = folder.assetcatalog; path = Images.xcassets; sourceTree = "<group>"; };
		A9F34F8D1A03F61400F67FB9 /* Base */ = {isa = PBXFileReference; lastKnownFileType = file.xib; name = Base; path = Base.lproj/LaunchScreen.xib; sourceTree = "<group>"; };
		A9F34F931A03F61400F67FB9 /* SoundieTests.xctest */ = {isa = PBXFileReference; explicitFileType = wrapper.cfbundle; includeInIndex = 0; path = SoundieTests.xctest; sourceTree = BUILT_PRODUCTS_DIR; };
		A9F34F981A03F61400F67FB9 /* Info.plist */ = {isa = PBXFileReference; lastKnownFileType = text.plist.xml; path = Info.plist; sourceTree = "<group>"; };
		A9F34F991A03F61400F67FB9 /* SoundieTests.swift */ = {isa = PBXFileReference; lastKnownFileType = sourcecode.swift; path = SoundieTests.swift; sourceTree = "<group>"; };
		A9F34FA31A0407D600F67FB9 /* loeffler.m4a */ = {isa = PBXFileReference; lastKnownFileType = file; path = loeffler.m4a; sourceTree = "<group>"; };
		A9F34FA71A0423C800F67FB9 /* NewSoundViewController.swift */ = {isa = PBXFileReference; fileEncoding = 4; lastKnownFileType = sourcecode.swift; path = NewSoundViewController.swift; sourceTree = "<group>"; };
/* End PBXFileReference section */

/* Begin PBXFrameworksBuildPhase section */
		A9F34F781A03F61400F67FB9 /* Frameworks */ = {
			isa = PBXFrameworksBuildPhase;
			buildActionMask = 2147483647;
			files = (
			);
			runOnlyForDeploymentPostprocessing = 0;
		};
		A9F34F901A03F61400F67FB9 /* Frameworks */ = {
			isa = PBXFrameworksBuildPhase;
			buildActionMask = 2147483647;
			files = (
			);
			runOnlyForDeploymentPostprocessing = 0;
		};
/* End PBXFrameworksBuildPhase section */

/* Begin PBXGroup section */
		A9F34F721A03F61400F67FB9 = {
			isa = PBXGroup;
			children = (
				A9F34F7D1A03F61400F67FB9 /* Soundie */,
				A9F34F961A03F61400F67FB9 /* SoundieTests */,
				A9F34F7C1A03F61400F67FB9 /* Products */,
			);
			sourceTree = "<group>";
		};
		A9F34F7C1A03F61400F67FB9 /* Products */ = {
			isa = PBXGroup;
			children = (
				A9F34F7B1A03F61400F67FB9 /* Soundie.app */,
				A9F34F931A03F61400F67FB9 /* SoundieTests.xctest */,
			);
			name = Products;
			sourceTree = "<group>";
		};
		A9F34F7D1A03F61400F67FB9 /* Soundie */ = {
			isa = PBXGroup;
			children = (
				A9F34F801A03F61400F67FB9 /* AppDelegate.swift */,
				A9F34F851A03F61400F67FB9 /* SoundListViewController.swift */,
				A9F34FA71A0423C800F67FB9 /* NewSoundViewController.swift */,
				A96204391A057B6400DC6AEC /* Sound.swift */,
				A9F34F871A03F61400F67FB9 /* Main.storyboard */,
				A9F34F8A1A03F61400F67FB9 /* Images.xcassets */,
				A9F34F8C1A03F61400F67FB9 /* LaunchScreen.xib */,
				A9F34F821A03F61400F67FB9 /* Soundie.xcdatamodeld */,
				A9F34F7E1A03F61400F67FB9 /* Supporting Files */,
			);
			path = Soundie;
			sourceTree = "<group>";
		};
		A9F34F7E1A03F61400F67FB9 /* Supporting Files */ = {
			isa = PBXGroup;
			children = (
				A9F34FA31A0407D600F67FB9 /* loeffler.m4a */,
				A9F34F7F1A03F61400F67FB9 /* Info.plist */,
			);
			name = "Supporting Files";
			sourceTree = "<group>";
		};
		A9F34F961A03F61400F67FB9 /* SoundieTests */ = {
			isa = PBXGroup;
			children = (
				A9F34F991A03F61400F67FB9 /* SoundieTests.swift */,
				A9F34F971A03F61400F67FB9 /* Supporting Files */,
			);
			path = SoundieTests;
			sourceTree = "<group>";
		};
		A9F34F971A03F61400F67FB9 /* Supporting Files */ = {
			isa = PBXGroup;
			children = (
				A9F34F981A03F61400F67FB9 /* Info.plist */,
			);
			name = "Supporting Files";
			sourceTree = "<group>";
		};
/* End PBXGroup section */

/* Begin PBXNativeTarget section */
		A9F34F7A1A03F61400F67FB9 /* Soundie */ = {
			isa = PBXNativeTarget;
			buildConfigurationList = A9F34F9D1A03F61400F67FB9 /* Build configuration list for PBXNativeTarget "Soundie" */;
			buildPhases = (
				A9F34F771A03F61400F67FB9 /* Sources */,
				A9F34F781A03F61400F67FB9 /* Frameworks */,
				A9F34F791A03F61400F67FB9 /* Resources */,
			);
			buildRules = (
			);
			dependencies = (
			);
			name = Soundie;
			productName = Soundie;
			productReference = A9F34F7B1A03F61400F67FB9 /* Soundie.app */;
			productType = "com.apple.product-type.application";
		};
		A9F34F921A03F61400F67FB9 /* SoundieTests */ = {
			isa = PBXNativeTarget;
			buildConfigurationList = A9F34FA01A03F61400F67FB9 /* Build configuration list for PBXNativeTarget "SoundieTests" */;
			buildPhases = (
				A9F34F8F1A03F61400F67FB9 /* Sources */,
				A9F34F901A03F61400F67FB9 /* Frameworks */,
				A9F34F911A03F61400F67FB9 /* Resources */,
			);
			buildRules = (
			);
			dependencies = (
				A9F34F951A03F61400F67FB9 /* PBXTargetDependency */,
			);
			name = SoundieTests;
			productName = SoundieTests;
			productReference = A9F34F931A03F61400F67FB9 /* SoundieTests.xctest */;
			productType = "com.apple.product-type.bundle.unit-test";
		};
/* End PBXNativeTarget section */

/* Begin PBXProject section */
		A9F34F731A03F61400F67FB9 /* Project object */ = {
			isa = PBXProject;
			attributes = {
				LastUpgradeCheck = 0610;
				ORGANIZATIONNAME = Alphaweb;
				TargetAttributes = {
					A9F34F7A1A03F61400F67FB9 = {
						CreatedOnToolsVersion = 6.1;
					};
					A9F34F921A03F61400F67FB9 = {
						CreatedOnToolsVersion = 6.1;
						TestTargetID = A9F34F7A1A03F61400F67FB9;
					};
				};
			};
			buildConfigurationList = A9F34F761A03F61400F67FB9 /* Build configuration list for PBXProject "Soundie" */;
			compatibilityVersion = "Xcode 3.2";
			developmentRegion = English;
			hasScannedForEncodings = 0;
			knownRegions = (
				en,
				Base,
			);
			mainGroup = A9F34F721A03F61400F67FB9;
			productRefGroup = A9F34F7C1A03F61400F67FB9 /* Products */;
			projectDirPath = "";
			projectRoot = "";
			targets = (
				A9F34F7A1A03F61400F67FB9 /* Soundie */,
				A9F34F921A03F61400F67FB9 /* SoundieTests */,
			);
		};
/* End PBXProject section */

/* Begin PBXResourcesBuildPhase section */
		A9F34F791A03F61400F67FB9 /* Resources */ = {
			isa = PBXResourcesBuildPhase;
			buildActionMask = 2147483647;
			files = (
				A9F34F891A03F61400F67FB9 /* Main.storyboard in Resources */,
				A9F34F8E1A03F61400F67FB9 /* LaunchScreen.xib in Resources */,
				A9F34F8B1A03F61400F67FB9 /* Images.xcassets in Resources */,
				A9F34FA41A0407D600F67FB9 /* loeffler.m4a in Resources */,
			);
			runOnlyForDeploymentPostprocessing = 0;
		};
		A9F34F911A03F61400F67FB9 /* Resources */ = {
			isa = PBXResourcesBuildPhase;
			buildActionMask = 2147483647;
			files = (
			);
			runOnlyForDeploymentPostprocessing = 0;
		};
/* End PBXResourcesBuildPhase section */

/* Begin PBXSourcesBuildPhase section */
		A9F34F771A03F61400F67FB9 /* Sources */ = {
			isa = PBXSourcesBuildPhase;
			buildActionMask = 2147483647;
			files = (
				A962043A1A057B6400DC6AEC /* Sound.swift in Sources */,
				A9F34F861A03F61400F67FB9 /* SoundListViewController.swift in Sources */,
				A9F34F811A03F61400F67FB9 /* AppDelegate.swift in Sources */,
				A9F34F841A03F61400F67FB9 /* Soundie.xcdatamodeld in Sources */,
				A9F34FA81A0423C800F67FB9 /* NewSoundViewController.swift in Sources */,
			);
			runOnlyForDeploymentPostprocessing = 0;
		};
		A9F34F8F1A03F61400F67FB9 /* Sources */ = {
			isa = PBXSourcesBuildPhase;
			buildActionMask = 2147483647;
			files = (
				A9F34F9A1A03F61400F67FB9 /* SoundieTests.swift in Sources */,
			);
			runOnlyForDeploymentPostprocessing = 0;
		};
/* End PBXSourcesBuildPhase section */

/* Begin PBXTargetDependency section */
		A9F34F951A03F61400F67FB9 /* PBXTargetDependency */ = {
			isa = PBXTargetDependency;
			target = A9F34F7A1A03F61400F67FB9 /* Soundie */;
			targetProxy = A9F34F941A03F61400F67FB9 /* PBXContainerItemProxy */;
		};
/* End PBXTargetDependency section */

/* Begin PBXVariantGroup section */
		A9F34F871A03F61400F67FB9 /* Main.storyboard */ = {
			isa = PBXVariantGroup;
			children = (
				A9F34F881A03F61400F67FB9 /* Base */,
			);
			name = Main.storyboard;
			sourceTree = "<group>";
		};
		A9F34F8C1A03F61400F67FB9 /* LaunchScreen.xib */ = {
			isa = PBXVariantGroup;
			children = (
				A9F34F8D1A03F61400F67FB9 /* Base */,
			);
			name = LaunchScreen.xib;
			sourceTree = "<group>";
		};
/* End PBXVariantGroup section */

/* Begin XCBuildConfiguration section */
		A9F34F9B1A03F61400F67FB9 /* Debug */ = {
			isa = XCBuildConfiguration;
			buildSettings = {
				ALWAYS_SEARCH_USER_PATHS = NO;
				CLANG_CXX_LANGUAGE_STANDARD = "gnu++0x";
				CLANG_CXX_LIBRARY = "libc++";
				CLANG_ENABLE_MODULES = YES;
				CLANG_ENABLE_OBJC_ARC = YES;
				CLANG_WARN_BOOL_CONVERSION = YES;
				CLANG_WARN_CONSTANT_CONVERSION = YES;
				CLANG_WARN_DIRECT_OBJC_ISA_USAGE = YES_ERROR;
				CLANG_WARN_EMPTY_BODY = YES;
				CLANG_WARN_ENUM_CONVERSION = YES;
				CLANG_WARN_INT_CONVERSION = YES;
				CLANG_WARN_OBJC_ROOT_CLASS = YES_ERROR;
				CLANG_WARN_UNREACHABLE_CODE = YES;
				CLANG_WARN__DUPLICATE_METHOD_MATCH = YES;
				"CODE_SIGN_IDENTITY[sdk=iphoneos*]" = "iPhone Developer";
				COPY_PHASE_STRIP = NO;
				ENABLE_STRICT_OBJC_MSGSEND = YES;
				GCC_C_LANGUAGE_STANDARD = gnu99;
				GCC_DYNAMIC_NO_PIC = NO;
				GCC_OPTIMIZATION_LEVEL = 0;
				GCC_PREPROCESSOR_DEFINITIONS = (
					"DEBUG=1",
					"$(inherited)",
				);
				GCC_SYMBOLS_PRIVATE_EXTERN = NO;
				GCC_WARN_64_TO_32_BIT_CONVERSION = YES;
				GCC_WARN_ABOUT_RETURN_TYPE = YES_ERROR;
				GCC_WARN_UNDECLARED_SELECTOR = YES;
				GCC_WARN_UNINITIALIZED_AUTOS = YES_AGGRESSIVE;
				GCC_WARN_UNUSED_FUNCTION = YES;
				GCC_WARN_UNUSED_VARIABLE = YES;
				IPHONEOS_DEPLOYMENT_TARGET = 8.1;
				MTL_ENABLE_DEBUG_INFO = YES;
				ONLY_ACTIVE_ARCH = YES;
				SDKROOT = iphoneos;
				SWIFT_OPTIMIZATION_LEVEL = "-Onone";
				TARGETED_DEVICE_FAMILY = "1,2";
			};
			name = Debug;
		};
		A9F34F9C1A03F61400F67FB9 /* Release */ = {
			isa = XCBuildConfiguration;
			buildSettings = {
				ALWAYS_SEARCH_USER_PATHS = NO;
				CLANG_CXX_LANGUAGE_STANDARD = "gnu++0x";
				CLANG_CXX_LIBRARY = "libc++";
				CLANG_ENABLE_MODULES = YES;
				CLANG_ENABLE_OBJC_ARC = YES;
				CLANG_WARN_BOOL_CONVERSION = YES;
				CLANG_WARN_CONSTANT_CONVERSION = YES;
				CLANG_WARN_DIRECT_OBJC_ISA_USAGE = YES_ERROR;
				CLANG_WARN_EMPTY_BODY = YES;
				CLANG_WARN_ENUM_CONVERSION = YES;
				CLANG_WARN_INT_CONVERSION = YES;
				CLANG_WARN_OBJC_ROOT_CLASS = YES_ERROR;
				CLANG_WARN_UNREACHABLE_CODE = YES;
				CLANG_WARN__DUPLICATE_METHOD_MATCH = YES;
				"CODE_SIGN_IDENTITY[sdk=iphoneos*]" = "iPhone Developer";
				COPY_PHASE_STRIP = YES;
				ENABLE_NS_ASSERTIONS = NO;
				ENABLE_STRICT_OBJC_MSGSEND = YES;
				GCC_C_LANGUAGE_STANDARD = gnu99;
				GCC_WARN_64_TO_32_BIT_CONVERSION = YES;
				GCC_WARN_ABOUT_RETURN_TYPE = YES_ERROR;
				GCC_WARN_UNDECLARED_SELECTOR = YES;
				GCC_WARN_UNINITIALIZED_AUTOS = YES_AGGRESSIVE;
				GCC_WARN_UNUSED_FUNCTION = YES;
				GCC_WARN_UNUSED_VARIABLE = YES;
				IPHONEOS_DEPLOYMENT_TARGET = 8.1;
				MTL_ENABLE_DEBUG_INFO = NO;
				SDKROOT = iphoneos;
				TARGETED_DEVICE_FAMILY = "1,2";
				VALIDATE_PRODUCT = YES;
			};
			name = Release;
		};
		A9F34F9E1A03F61400F67FB9 /* Debug */ = {
			isa = XCBuildConfiguration;
			buildSettings = {
				ASSETCATALOG_COMPILER_APPICON_NAME = AppIcon;
				INFOPLIST_FILE = Soundie/Info.plist;
				LD_RUNPATH_SEARCH_PATHS = "$(inherited) @executable_path/Frameworks";
				PRODUCT_NAME = "$(TARGET_NAME)";
			};
			name = Debug;
		};
		A9F34F9F1A03F61400F67FB9 /* Release */ = {
			isa = XCBuildConfiguration;
			buildSettings = {
				ASSETCATALOG_COMPILER_APPICON_NAME = AppIcon;
				INFOPLIST_FILE = Soundie/Info.plist;
				LD_RUNPATH_SEARCH_PATHS = "$(inherited) @executable_path/Frameworks";
				PRODUCT_NAME = "$(TARGET_NAME)";
			};
			name = Release;
		};
		A9F34FA11A03F61400F67FB9 /* Debug */ = {
			isa = XCBuildConfiguration;
			buildSettings = {
				BUNDLE_LOADER = "$(TEST_HOST)";
				FRAMEWORK_SEARCH_PATHS = (
					"$(SDKROOT)/Developer/Library/Frameworks",
					"$(inherited)",
				);
				GCC_PREPROCESSOR_DEFINITIONS = (
					"DEBUG=1",
					"$(inherited)",
				);
				INFOPLIST_FILE = SoundieTests/Info.plist;
				LD_RUNPATH_SEARCH_PATHS = "$(inherited) @executable_path/Frameworks @loader_path/Frameworks";
				PRODUCT_NAME = "$(TARGET_NAME)";
				TEST_HOST = "$(BUILT_PRODUCTS_DIR)/Soundie.app/Soundie";
			};
			name = Debug;
		};
		A9F34FA21A03F61400F67FB9 /* Release */ = {
			isa = XCBuildConfiguration;
			buildSettings = {
				BUNDLE_LOADER = "$(TEST_HOST)";
				FRAMEWORK_SEARCH_PATHS = (
					"$(SDKROOT)/Developer/Library/Frameworks",
					"$(inherited)",
				);
				INFOPLIST_FILE = SoundieTests/Info.plist;
				LD_RUNPATH_SEARCH_PATHS = "$(inherited) @executable_path/Frameworks @loader_path/Frameworks";
				PRODUCT_NAME = "$(TARGET_NAME)";
				TEST_HOST = "$(BUILT_PRODUCTS_DIR)/Soundie.app/Soundie";
			};
			name = Release;
		};
/* End XCBuildConfiguration section */

/* Begin XCConfigurationList section */
		A9F34F761A03F61400F67FB9 /* Build configuration list for PBXProject "Soundie" */ = {
			isa = XCConfigurationList;
			buildConfigurations = (
				A9F34F9B1A03F61400F67FB9 /* Debug */,
				A9F34F9C1A03F61400F67FB9 /* Release */,
			);
			defaultConfigurationIsVisible = 0;
			defaultConfigurationName = Release;
		};
		A9F34F9D1A03F61400F67FB9 /* Build configuration list for PBXNativeTarget "Soundie" */ = {
			isa = XCConfigurationList;
			buildConfigurations = (
				A9F34F9E1A03F61400F67FB9 /* Debug */,
				A9F34F9F1A03F61400F67FB9 /* Release */,
			);
			defaultConfigurationIsVisible = 0;
			defaultConfigurationName = Release;
		};
		A9F34FA01A03F61400F67FB9 /* Build configuration list for PBXNativeTarget "SoundieTests" */ = {
			isa = XCConfigurationList;
			buildConfigurations = (
				A9F34FA11A03F61400F67FB9 /* Debug */,
				A9F34FA21A03F61400F67FB9 /* Release */,
			);
			defaultConfigurationIsVisible = 0;
			defaultConfigurationName = Release;
		};
/* End XCConfigurationList section */

/* Begin XCVersionGroup section */
		A9F34F821A03F61400F67FB9 /* Soundie.xcdatamodeld */ = {
			isa = XCVersionGroup;
			children = (
				A9F34F831A03F61400F67FB9 /* Soundie.xcdatamodel */,
			);
			currentVersion = A9F34F831A03F61400F67FB9 /* Soundie.xcdatamodel */;
			path = Soundie.xcdatamodeld;
			sourceTree = "<group>";
			versionGroupType = wrapper.xcdatamodel;
		};
/* End XCVersionGroup section */
	};
	rootObject = A9F34F731A03F61400F67FB9 /* Project object */;
}
